github.com/issue9/assert/v2 v2.0.0 h1:vN7fr70g5ND6zM39tPZk/E4WCyjGMqApmFbujSTmEo0=
github.com/issue9/assert/v2 v2.0.0/go.mod h1:rKr1eVGzXUhAo2af1thiKAhIA8uiSK9Wyn7mcZ4BzAg=
github.com/issue9/errwrap v0.2.1 h1:hrzBGbOCRs8acitpWSg54xNl2oaLGA/WZEf71bKaiEU=
github.com/issue9/errwrap v0.2.1/go.mod h1:hjjkt9S/owgy48er68ACFfA6YPDO/xax18QE3lsguVQ=
